
Microsoft Visual Studio Solution File, Format Version 12.00
# Visual Studio 15
VisualStudioVersion = 15.0.28010.2003
MinimumVisualStudioVersion = 10.0.40219.1
Project("{9A19103F-16F7-4668-BE54-9A1E7A4F7556}") = "MQTTDaemon", "MQTTDaemon.csproj", "{78B30357-E279-4563-9EA1-747C0ECE2CE2}"
EndProject
Global
	GlobalSection(SolutionConfigurationPlatforms) = preSolution
		Debug|Any CPU = Debug|Any CPU
		Release|Any CPU = Release|Any CPU
	EndGlobalSection
	GlobalSection(ProjectConfigurationPlatforms) = postSolution
		{78B30357-E279-4563-9EA1-747C0ECE2CE2}.Debug|Any CPU.ActiveCfg = Debug|Any CPU
		{78B30357-E279-4563-9EA1-747C0ECE2CE2}.Debug|Any CPU.Build.0 = Debug|Any CPU
		{78B30357-E279-4563-9EA1-747C0ECE2CE2}.Release|Any CPU.ActiveCfg = Release|Any CPU
		{78B30357-E279-4563-9EA1-747C0ECE2CE2}.Release|Any CPU.Build.0 = Release|Any CPU
	EndGlobalSection
	GlobalSection(SolutionProperties) = preSolution
		HideSolutionNode = FALSE
	EndGlobalSection
	GlobalSection(ExtensibilityGlobals) = postSolution
		SolutionGuid = {4B9512D5-36B2-43C6-AE05-0000179CD1BC}
	EndGlobalSection
EndGlobal
